{
  "lockfileVersion": 1,
  "configVersion": 1,
  "workspaces": {
    "": {
      "dependencies": {
        "@opencode-ai/plugin": "1.1.63",
      },
    },
  },
  "packages": {
    "@opencode-ai/plugin": ["@opencode-ai/plugin@1.1.63", "", { "dependencies": { "@opencode-ai/sdk": "1.1.63", "zod": "4.1.8" } }, "sha512-7m/ds4WdsOwOoC3nGvNpSA/6Px+y4gMoN+uIwQdowWMtdSZ1JN4u0JmkmNWVHNpuH8xGh2rvwZWxB2iPMk6ETg=="],

    "@opencode-ai/sdk": ["@opencode-ai/sdk@1.1.63", "", {}, "sha512-9452K0G04slXOsYoVVRVGl0qwXdKhQ1RdvutslaA+b+TtA8y0nbm2iDzDpU74uM1paLXXNPCVCTWWUpnLiAcCA=="],

    "zod": ["zod@4.1.8", "", {}, "sha512-5R1P+WwQqmmMIEACyzSvo4JXHY5WiAFHRMg+zBZKgKS+Q1viRa0C1hmUKtHltoIFKtIdki3pRxkmpP74jnNYHQ=="],
  }
}
